version = 1
requires-python = ">=3.11"

[[package]]
name = "ffmpeg"
version = "1.4"
source = { registry = "https://pypi.org/simple" }
sdist = { url = "https://files.pythonhosted.org/packages/f0/cc/3b7408b8ecf7c1d20ad480c3eaed7619857bf1054b690226e906fdf14258/ffmpeg-1.4.tar.gz", hash = "sha256:6931692c890ff21d39938433c2189747815dca0c60ddc7f9bb97f199dba0b5b9", size = 5055 }

[[package]]
name = "python-template"
version = "0.1.0"
source = { virtual = "." }
dependencies = [
    { name = "ffmpeg" },
    { name = "telegram" },
    { name = "yt-dlp" },
]

[package.metadata]
requires-dist = [
    { name = "ffmpeg", specifier = ">=1.4" },
    { name = "telegram", specifier = ">=0.0.1" },
    { name = "yt-dlp", specifier = ">=2024.12.23" },
]

[[package]]
name = "telegram"
version = "0.0.1"
source = { registry = "https://pypi.org/simple" }
sdist = { url = "https://files.pythonhosted.org/packages/9d/ca/8bdf2deb93b9f6971dabf2ddc827c2a98ce23e13582a15b37e9bc169f226/telegram-0.0.1.tar.gz", hash = "sha256:d405a0af4c868a8dbeae6d03e297e21c7ee6269e11e2ed3810e15544aba02591", size = 879 }

[[package]]
name = "yt-dlp"
version = "2024.12.23"
source = { registry = "https://pypi.org/simple" }
sdist = { url = "https://files.pythonhosted.org/packages/88/ea/f30e5925c5b9109d2f8e47b87bb7e7feac1a6c496b5324deb352c2002cf4/yt_dlp-2024.12.23.tar.gz", hash = "sha256:ac0e72b5a9017ba104b4258546201a7cedc38e8bd20727e0c63b77c829b425e9", size = 2914953 }
wheels = [
    { url = "https://files.pythonhosted.org/packages/70/d3/dc656c921f45baaba4d439292194b5be7f48b3558fcc38941aca16fa5afa/yt_dlp-2024.12.23-py3-none-any.whl", hash = "sha256:2fc08a5221a0379628ac4e7324c6c69a95b9fdfa7a7ca3187444b3b7451e38be", size = 3176724 },
]
